// !$*UTF8*$!
{
	archiveVersion = 1;
	classes = {
	};
	objectVersion = 50;
	objects = {

/* Begin PBXBuildFile section */
		FF1234561234567800000001 /* CoachAIApp.swift in Sources */ = {isa = PBXBuildFile; fileRef = FF1234561234567800000002 /* CoachAIApp.swift */; };
		FF1234561234567800000003 /* ContentView.swift in Sources */ = {isa = PBXBuildFile; fileRef = FF1234561234567800000004 /* ContentView.swift */; };
		FF1234561234567800000005 /* Assets.xcassets in Resources */ = {isa = PBXBuildFile; fileRef = FF1234561234567800000006 /* Assets.xcassets */; };
		FF1234561234567800000007 /* Preview Assets.xcassets in Resources */ = {isa = PBXBuildFile; fileRef = FF1234561234567800000008 /* Preview Assets.xcassets */; };
		FF1234561234567800000009 /* AppState.swift in Sources */ = {isa = PBXBuildFile; fileRef = FF1234561234567800000010 /* AppState.swift */; };
		FF1234561234567800000011 /* LearningPlan.swift in Sources */ = {isa = PBXBuildFile; fileRef = FF1234561234567800000012 /* LearningPlan.swift */; };
		FF1234561234567800000013 /* AppTheme.swift in Sources */ = {isa = PBXBuildFile; fileRef = FF1234561234567800000014 /* AppTheme.swift */; };
		FF1234561234567800000015 /* SubscriptionTier.swift in Sources */ = {isa = PBXBuildFile; fileRef = FF1234561234567800000016 /* SubscriptionTier.swift */; };
		FF1234561234567800000017 /* TimeLog.swift in Sources */ = {isa = PBXBuildFile; fileRef = FF1234561234567800000018 /* TimeLog.swift */; };
		FF1234561234567800000019 /* APIService.swift in Sources */ = {isa = PBXBuildFile; fileRef = FF1234561234567800000020 /* APIService.swift */; };
		FF1234561234567800000021 /* StoreService.swift in Sources */ = {isa = PBXBuildFile; fileRef = FF1234561234567800000022 /* StoreService.swift */; };
		FF1234561234567800000023 /* DashboardViewModel.swift in Sources */ = {isa = PBXBuildFile; fileRef = FF1234561234567800000024 /* DashboardViewModel.swift */; };
		FF1234561234567800000025 /* LearningPlanViewModel.swift in Sources */ = {isa = PBXBuildFile; fileRef = FF1234561234567800000026 /* LearningPlanViewModel.swift */; };
		FF1234561234567800000027 /* SettingsViewModel.swift in Sources */ = {isa = PBXBuildFile; fileRef = FF1234561234567800000028 /* SettingsViewModel.swift */; };
		FF1234561234567800000029 /* DashboardView.swift in Sources */ = {isa = PBXBuildFile; fileRef = FF1234561234567800000030 /* DashboardView.swift */; };
		FF1234561234567800000031 /* LearningPlanView.swift in Sources */ = {isa = PBXBuildFile; fileRef = FF1234561234567800000032 /* LearningPlanView.swift */; };
		FF1234561234567800000033 /* SettingsView.swift in Sources */ = {isa = PBXBuildFile; fileRef = FF1234561234567800000034 /* SettingsView.swift */; };
/* End PBXBuildFile section */

/* Begin PBXFileReference section */
		FF1234561234567800000002 /* CoachAIApp.swift */ = {isa = PBXFileReference; lastKnownFileType = sourcecode.swift; path = CoachAIApp.swift; sourceTree = "<group>"; };
		FF1234561234567800000004 /* ContentView.swift */ = {isa = PBXFileReference; lastKnownFileType = sourcecode.swift; path = ContentView.swift; sourceTree = "<group>"; };
		FF1234561234567800000006 /* Assets.xcassets */ = {isa = PBXFileReference; lastKnownFileType = folder.assetcatalog; path = Assets.xcassets; sourceTree = "<group>"; };
		FF1234561234567800000008 /* Preview Assets.xcassets */ = {isa = PBXFileReference; lastKnownFileType = folder.assetcatalog; path = "Preview Assets.xcassets"; sourceTree = "<group>"; };
		FF1234561234567800000010 /* AppState.swift */ = {isa = PBXFileReference; lastKnownFileType = sourcecode.swift; path = AppState.swift; sourceTree = "<group>"; };
		FF1234561234567800000012 /* LearningPlan.swift */ = {isa = PBXFileReference; lastKnownFileType = sourcecode.swift; path = LearningPlan.swift; sourceTree = "<group>"; };
		FF1234561234567800000014 /* AppTheme.swift */ = {isa = PBXFileReference; lastKnownFileType = sourcecode.swift; path = AppTheme.swift; sourceTree = "<group>"; };
		FF1234561234567800000016 /* SubscriptionTier.swift */ = {isa = PBXFileReference; lastKnownFileType = sourcecode.swift; path = SubscriptionTier.swift; sourceTree = "<group>"; };
		FF1234561234567800000018 /* TimeLog.swift */ = {isa = PBXFileReference; lastKnownFileType = sourcecode.swift; path = TimeLog.swift; sourceTree = "<group>"; };
		FF1234561234567800000020 /* APIService.swift */ = {isa = PBXFileReference; lastKnownFileType = sourcecode.swift; path = APIService.swift; sourceTree = "<group>"; };
		FF1234561234567800000022 /* StoreService.swift */ = {isa = PBXFileReference; lastKnownFileType = sourcecode.swift; path = StoreService.swift; sourceTree = "<group>"; };
		FF1234561234567800000024 /* DashboardViewModel.swift */ = {isa = PBXFileReference; lastKnownFileType = sourcecode.swift; path = DashboardViewModel.swift; sourceTree = "<group>"; };
		FF1234561234567800000026 /* LearningPlanViewModel.swift */ = {isa = PBXFileReference; lastKnownFileType = sourcecode.swift; path = LearningPlanViewModel.swift; sourceTree = "<group>"; };
		FF1234561234567800000028 /* SettingsViewModel.swift */ = {isa = PBXFileReference; lastKnownFileType = sourcecode.swift; path = SettingsViewModel.swift; sourceTree = "<group>"; };
		FF1234561234567800000030 /* DashboardView.swift */ = {isa = PBXFileReference; lastKnownFileType = sourcecode.swift; path = DashboardView.swift; sourceTree = "<group>"; };
		FF1234561234567800000032 /* LearningPlanView.swift */ = {isa = PBXFileReference; lastKnownFileType = sourcecode.swift; path = LearningPlanView.swift; sourceTree = "<group>"; };
		FF1234561234567800000034 /* SettingsView.swift */ = {isa = PBXFileReference; lastKnownFileType = sourcecode.swift; path = SettingsView.swift; sourceTree = "<group>"; };
		FF1234561234567800000035 /* CoachAI.app */ = {isa = PBXFileReference; explicitFileType = wrapper.application; includeInIndex = 0; path = CoachAI.app; sourceTree = BUILT_PRODUCTS_DIR; };
		FF1234561234567800000036 /* Info.plist */ = {isa = PBXFileReference; lastKnownFileType = text.plist.xml; path = Info.plist; sourceTree = "<group>"; };
/* End PBXFileReference section */

/* Begin PBXFrameworksBuildPhase section */
		FF1234561234567800000037 /* Frameworks */ = {
			isa = PBXFrameworksBuildPhase;
			buildActionMask = 2147483647;
			files = (
			);
			runOnlyForDeploymentPostprocessing = 0;
		};
/* End PBXFrameworksBuildPhase section */

/* Begin PBXGroup section */
		FF1234561234567800000038 /* Products */ = {
			isa = PBXGroup;
			children = (
				FF1234561234567800000035 /* CoachAI.app */,
			);
			name = Products;
			sourceTree = "<group>";
		};
		FF1234561234567800000039 /* CoachAI */ = {
			isa = PBXGroup;
			children = (
				FF1234561234567800000002 /* CoachAIApp.swift */,
				FF1234561234567800000040 /* Views */,
				FF1234561234567800000041 /* ViewModels */,
				FF1234561234567800000042 /* Models */,
				FF1234561234567800000043 /* Services */,
				FF1234561234567800000044 /* Utilities */,
				FF1234561234567800000045 /* Resources */,
				FF1234561234567800000036 /* Info.plist */,
				FF1234561234567800000046 /* Preview Content */,
			);
			path = CoachAI;
			sourceTree = "<group>";
		};
		FF1234561234567800000040 /* Views */ = {
			isa = PBXGroup;
			children = (
				FF1234561234567800000004 /* ContentView.swift */,
				FF1234561234567800000030 /* DashboardView.swift */,
				FF1234561234567800000032 /* LearningPlanView.swift */,
				FF1234561234567800000034 /* SettingsView.swift */,
			);
			path = Views;
			sourceTree = "<group>";
		};
		FF1234561234567800000041 /* ViewModels */ = {
			isa = PBXGroup;
			children = (
				FF1234561234567800000024 /* DashboardViewModel.swift */,
				FF1234561234567800000026 /* LearningPlanViewModel.swift */,
				FF1234561234567800000028 /* SettingsViewModel.swift */,
			);
			path = ViewModels;
			sourceTree = "<group>";
		};
		FF1234561234567800000042 /* Models */ = {
			isa = PBXGroup;
			children = (
				FF1234561234567800000010 /* AppState.swift */,
				FF1234561234567800000012 /* LearningPlan.swift */,
				FF1234561234567800000014 /* AppTheme.swift */,
				FF1234561234567800000016 /* SubscriptionTier.swift */,
				FF1234561234567800000018 /* TimeLog.swift */,
			);
			path = Models;
			sourceTree = "<group>";
		};
		FF1234561234567800000043 /* Services */ = {
			isa = PBXGroup;
			children = (
				FF1234561234567800000020 /* APIService.swift */,
				FF1234561234567800000022 /* StoreService.swift */,
			);
			path = Services;
			sourceTree = "<group>";
		};
		FF1234561234567800000044 /* Utilities */ = {
			isa = PBXGroup;
			children = (
			);
			path = Utilities;
			sourceTree = "<group>";
		};
		FF1234561234567800000045 /* Resources */ = {
			isa = PBXGroup;
			children = (
				FF1234561234567800000006 /* Assets.xcassets */,
			);
			path = Resources;
			sourceTree = "<group>";
		};
		FF1234561234567800000046 /* Preview Content */ = {
			isa = PBXGroup;
			children = (
				FF1234561234567800000008 /* Preview Assets.xcassets */,
			);
			path = "Preview Content";
			sourceTree = "<group>";
		};
		FF1234561234567800000047 = {
			isa = PBXGroup;
			children = (
				FF1234561234567800000039 /* CoachAI */,
				FF1234561234567800000038 /* Products */,
			);
			sourceTree = "<group>";
		};
/* End PBXGroup section */

/* Begin PBXNativeTarget section */
		FF1234561234567800000048 /* CoachAI */ = {
			isa = PBXNativeTarget;
			buildConfigurationList = FF1234561234567800000049 /* Build configuration list for PBXNativeTarget "CoachAI" */;
			buildPhases = (
				FF1234561234567800000050 /* Sources */,
				FF1234561234567800000037 /* Frameworks */,
				FF1234561234567800000051 /* Resources */,
			);
			buildRules = (
			);
			dependencies = (
			);
			name = CoachAI;
			productName = CoachAI;
			productReference = FF1234561234567800000035 /* CoachAI.app */;
			productType = "com.apple.product-type.application";
		};
/* End PBXNativeTarget section */

/* Begin PBXProject section */
		FF1234561234567800000052 /* Project object */ = {
			isa = PBXProject;
			attributes = {
				LastSwiftUpdateCheck = 1250;
				LastUpgradeCheck = 1250;
				TargetAttributes = {
					FF1234561234567800000048 = {
						CreatedOnToolsVersion = 12.5;
					};
				};
			};
			buildConfigurationList = FF1234561234567800000053 /* Build configuration list for PBXProject "CoachAI" */;
			compatibilityVersion = "Xcode 9.3";
			developmentRegion = en;
			hasScannedForEncodings = 0;
			knownRegions = (
				en,
				Base,
			);
			mainGroup = FF1234561234567800000047;
			productRefGroup = FF1234561234567800000038 /* Products */;
			projectDirPath = "";
			projectRoot = "";
			targets = (
				FF1234561234567800000048 /* CoachAI */,
			);
		};
/* End PBXProject section */

/* Begin PBXResourcesBuildPhase section */
		FF1234561234567800000051 /* Resources */ = {
			isa = PBXResourcesBuildPhase;
			buildActionMask = 2147483647;
			files = (
				FF1234561234567800000007 /* Preview Assets.xcassets in Resources */,
				FF1234561234567800000005 /* Assets.xcassets in Resources */,
			);
			runOnlyForDeploymentPostprocessing = 0;
		};
/* End PBXResourcesBuildPhase section */

/* Begin PBXSourcesBuildPhase section */
		FF1234561234567800000050 /* Sources */ = {
			isa = PBXSourcesBuildPhase;
			buildActionMask = 2147483647;
			files = (
				FF1234561234567800000003 /* ContentView.swift in Sources */,
				FF1234561234567800000001 /* CoachAIApp.swift in Sources */,
				FF1234561234567800000009 /* AppState.swift in Sources */,
				FF1234561234567800000011 /* LearningPlan.swift in Sources */,
				FF1234561234567800000013 /* AppTheme.swift in Sources */,
				FF1234561234567800000015 /* SubscriptionTier.swift in Sources */,
				FF1234561234567800000017 /* TimeLog.swift in Sources */,
				FF1234561234567800000019 /* APIService.swift in Sources */,
				FF1234561234567800000021 /* StoreService.swift in Sources */,
				FF1234561234567800000023 /* DashboardViewModel.swift in Sources */,
				FF1234561234567800000025 /* LearningPlanViewModel.swift in Sources */,
				FF1234561234567800000027 /* SettingsViewModel.swift in Sources */,
				FF1234561234567800000029 /* DashboardView.swift in Sources */,
				FF1234561234567800000031 /* LearningPlanView.swift in Sources */,
				FF1234561234567800000033 /* SettingsView.swift in Sources */,
			);
			runOnlyForDeploymentPostprocessing = 0;
		};
/* End PBXSourcesBuildPhase section */

/* Begin XCBuildConfiguration section */
		FF1234561234567800000054 /* Debug */ = {
			isa = XCBuildConfiguration;
			buildSettings = {
				ALWAYS_SEARCH_USER_PATHS = NO;
				CLANG_ANALYZER_NONNULL = YES;
				CLANG_ANALYZER_NUMBER_OBJECT_CONVERSION = YES_AGGRESSIVE;
				CLANG_CXX_LANGUAGE_STANDARD = "gnu++14";
				CLANG_CXX_LIBRARY = "libc++";
				CLANG_ENABLE_MODULES = YES;
				CLANG_ENABLE_OBJC_ARC = YES;
				CLANG_ENABLE_OBJC_WEAK = YES;
				CLANG_WARN_BLOCK_CAPTURE_AUTORELEASING = YES;
				CLANG_WARN_BOOL_CONVERSION = YES;
				CLANG_WARN_COMMA = YES;
				CLANG_WARN_CONSTANT_CONVERSION = YES;
				CLANG_WARN_DEPRECATED_OBJC_IMPLEMENTATIONS = YES;
				CLANG_WARN_DIRECT_OBJC_ISA_USAGE = YES_ERROR;
				CLANG_WARN_DOCUMENTATION_COMMENTS = YES;
				CLANG_WARN_EMPTY_BODY = YES;
				CLANG_WARN_ENUM_CONVERSION = YES;
				CLANG_WARN_INFINITE_RECURSION = YES;
				CLANG_WARN_INT_CONVERSION = YES;
				CLANG_WARN_NON_LITERAL_NULL_CONVERSION = YES;
				CLANG_WARN_OBJC_IMPLICIT_RETAIN_SELF = YES;
				CLANG_WARN_OBJC_LITERAL_CONVERSION = YES;
				CLANG_WARN_OBJC_ROOT_CLASS = YES_ERROR;
				CLANG_WARN_QUOTED_INCLUDE_IN_FRAMEWORK_HEADER = YES;
				CLANG_WARN_RANGE_LOOP_ANALYSIS = YES;
				CLANG_WARN_STRICT_PROTOTYPES = YES;
				CLANG_WARN_SUSPICIOUS_MOVE = YES;
				CLANG_WARN_UNGUARDED_AVAILABILITY = YES_AGGRESSIVE;
				CLANG_WARN_UNREACHABLE_CODE = YES;
				CLANG_WARN__DUPLICATE_METHOD_MATCH = YES;
				COPY_PHASE_STRIP = NO;
				DEBUG_INFORMATION_FORMAT = dwarf;
				ENABLE_STRICT_OBJC_MSGSEND = YES;
				ENABLE_TESTABILITY = YES;
				GCC_C_LANGUAGE_STANDARD = gnu11;
				GCC_DYNAMIC_NO_PIC = NO;
				GCC_NO_COMMON_BLOCKS = YES;
				GCC_OPTIMIZATION_LEVEL = 0;
				GCC_PREPROCESSOR_DEFINITIONS = (
					"DEBUG=1",
					"$(inherited)",
				);
				GCC_WARN_64_TO_32_BIT_CONVERSION = YES;
				GCC_WARN_ABOUT_RETURN_TYPE = YES_ERROR;
				GCC_WARN_UNDECLARED_SELECTOR = YES;
				GCC_WARN_UNINITIALIZED_AUTOS = YES_AGGRESSIVE;
				GCC_WARN_UNUSED_FUNCTION = YES;
				GCC_WARN_UNUSED_VARIABLE = YES;
				IPHONEOS_DEPLOYMENT_TARGET = 14.5;
				MTL_ENABLE_DEBUG_INFO = INCLUDE_SOURCE;
				MTL_FAST_MATH = YES;
				ONLY_ACTIVE_ARCH = YES;
				SDKROOT = iphoneos;
				SWIFT_ACTIVE_COMPILATION_CONDITIONS = DEBUG;
				SWIFT_OPTIMIZATION_LEVEL = "-Onone";
			};
			name = Debug;
		};
		FF1234561234567800000055 /* Release */ = {
			isa = XCBuildConfiguration;
			buildSettings = {
				ALWAYS_SEARCH_USER_PATHS = NO;
				CLANG_ANALYZER_NONNULL = YES;
				CLANG_ANALYZER_NUMBER_OBJECT_CONVERSION = YES_AGGRESSIVE;
				CLANG_CXX_LANGUAGE_STANDARD = "gnu++14";
				CLANG_CXX_LIBRARY = "libc++";
				CLANG_ENABLE_MODULES = YES;
				CLANG_ENABLE_OBJC_ARC = YES;
				CLANG_ENABLE_OBJC_WEAK = YES;
				CLANG_WARN_BLOCK_CAPTURE_AUTORELEASING = YES;
				CLANG_WARN_BOOL_CONVERSION = YES;
				CLANG_WARN_COMMA = YES;
				CLANG_WARN_CONSTANT_CONVERSION = YES;
				CLANG_WARN_DEPRECATED_OBJC_IMPLEMENTATIONS = YES;
				CLANG_WARN_DIRECT_OBJC_ISA_USAGE = YES_ERROR;
				CLANG_WARN_DOCUMENTATION_COMMENTS = YES;
				CLANG_WARN_EMPTY_BODY = YES;
				CLANG_WARN_ENUM_CONVERSION = YES;
				CLANG_WARN_INFINITE_RECURSION = YES;
				CLANG_WARN_INT_CONVERSION = YES;
				CLANG_WARN_NON_LITERAL_NULL_CONVERSION = YES;
				CLANG_WARN_OBJC_IMPLICIT_RETAIN_SELF = YES;
				CLANG_WARN_OBJC_LITERAL_CONVERSION = YES;
				CLANG_WARN_OBJC_ROOT_CLASS = YES_ERROR;
				CLANG_WARN_QUOTED_INCLUDE_IN_FRAMEWORK_HEADER = YES;
				CLANG_WARN_RANGE_LOOP_ANALYSIS = YES;
				CLANG_WARN_STRICT_PROTOTYPES = YES;
				CLANG_WARN_SUSPICIOUS_MOVE = YES;
				CLANG_WARN_UNGUARDED_AVAILABILITY = YES_AGGRESSIVE;
				CLANG_WARN_UNREACHABLE_CODE = YES;
				CLANG_WARN__DUPLICATE_METHOD_MATCH = YES;
				COPY_PHASE_STRIP = NO;
				DEBUG_INFORMATION_FORMAT = "dwarf-with-dsym";
				ENABLE_NS_ASSERTIONS = NO;
				ENABLE_STRICT_OBJC_MSGSEND = YES;
				GCC_C_LANGUAGE_STANDARD = gnu11;
				GCC_NO_COMMON_BLOCKS = YES;
				GCC_WARN_64_TO_32_BIT_CONVERSION = YES;
				GCC_WARN_ABOUT_RETURN_TYPE = YES_ERROR;
				GCC_WARN_UNDECLARED_SELECTOR = YES;
				GCC_WARN_UNINITIALIZED_AUTOS = YES_AGGRESSIVE;
				GCC_WARN_UNUSED_FUNCTION = YES;
				GCC_WARN_UNUSED_VARIABLE = YES;
				IPHONEOS_DEPLOYMENT_TARGET = 14.5;
				MTL_ENABLE_DEBUG_INFO = NO;
				MTL_FAST_MATH = YES;
				SDKROOT = iphoneos;
				SWIFT_COMPILATION_MODE = wholemodule;
				SWIFT_OPTIMIZATION_LEVEL = "-O";
				VALIDATE_PRODUCT = YES;
			};
			name = Release;
		};
		FF1234561234567800000056 /* Debug */ = {
			isa = XCBuildConfiguration;
			buildSettings = {
				ASSETCATALOG_COMPILER_APPICON_NAME = AppIcon;
				ASSETCATALOG_COMPILER_GLOBAL_ACCENT_COLOR_NAME = AccentColor;
				CODE_SIGN_STYLE = Automatic;
				DEVELOPMENT_ASSET_PATHS = "\"CoachAI/Preview Content\"";
				ENABLE_PREVIEWS = YES;
				INFOPLIST_FILE = CoachAI/Info.plist;
				IPHONEOS_DEPLOYMENT_TARGET = 15.6;
				LD_RUNPATH_SEARCH_PATHS = (
					"$(inherited)",
					"@executable_path/Frameworks",
				);
				PRODUCT_BUNDLE_IDENTIFIER = com.example.CoachAI;
				PRODUCT_NAME = "$(TARGET_NAME)";
				SWIFT_VERSION = 5.0;
				TARGETED_DEVICE_FAMILY = "1,2";
			};
			name = Debug;
		};
		FF1234561234567800000057 /* Release */ = {
			isa = XCBuildConfiguration;
			buildSettings = {
				ASSETCATALOG_COMPILER_APPICON_NAME = AppIcon;
				ASSETCATALOG_COMPILER_GLOBAL_ACCENT_COLOR_NAME = AccentColor;
				CODE_SIGN_STYLE = Automatic;
				DEVELOPMENT_ASSET_PATHS = "\"CoachAI/Preview Content\"";
				ENABLE_PREVIEWS = YES;
				INFOPLIST_FILE = CoachAI/Info.plist;
				IPHONEOS_DEPLOYMENT_TARGET = 15.6;
				LD_RUNPATH_SEARCH_PATHS = (
					"$(inherited)",
					"@executable_path/Frameworks",
				);
				PRODUCT_BUNDLE_IDENTIFIER = com.example.CoachAI;
				PRODUCT_NAME = "$(TARGET_NAME)";
				SWIFT_VERSION = 5.0;
				TARGETED_DEVICE_FAMILY = "1,2";
			};
			name = Release;
		};
/* End XCBuildConfiguration section */

/* Begin XCConfigurationList section */
		FF1234561234567800000049 /* Build configuration list for PBXNativeTarget "CoachAI" */ = {
			isa = XCConfigurationList;
			buildConfigurations = (
				FF1234561234567800000056 /* Debug */,
				FF1234561234567800000057 /* Release */,
			);
			defaultConfigurationIsVisible = 0;
			defaultConfigurationName = Release;
		};
		FF1234561234567800000053 /* Build configuration list for PBXProject "CoachAI" */ = {
			isa = XCConfigurationList;
			buildConfigurations = (
				FF1234561234567800000054 /* Debug */,
				FF1234561234567800000055 /* Release */,
			);
			defaultConfigurationIsVisible = 0;
			defaultConfigurationName = Release;
		};
/* End XCConfigurationList section */
	};
	rootObject = FF1234561234567800000052 /* Project object */;
}
